// !$*UTF8*$!
{
	archiveVersion = 1;
	classes = {
	};
	objectVersion = 46;
	objects = {

/* Begin PBXBuildFile section */
		CA1C7F851CEDF85E009678B2 /* AppDelegate.swift in Sources */ = {isa = PBXBuildFile; fileRef = CA1C7F841CEDF85E009678B2 /* AppDelegate.swift */; };
		CA1C7F871CEDF85E009678B2 /* ViewController.swift in Sources */ = {isa = PBXBuildFile; fileRef = CA1C7F861CEDF85E009678B2 /* ViewController.swift */; };
		CA1C7F8A1CEDF85E009678B2 /* Main.storyboard in Resources */ = {isa = PBXBuildFile; fileRef = CA1C7F881CEDF85E009678B2 /* Main.storyboard */; };
		CA1C7F8C1CEDF85E009678B2 /* Assets.xcassets in Resources */ = {isa = PBXBuildFile; fileRef = CA1C7F8B1CEDF85E009678B2 /* Assets.xcassets */; };
		CA1C7F8F1CEDF85E009678B2 /* LaunchScreen.storyboard in Resources */ = {isa = PBXBuildFile; fileRef = CA1C7F8D1CEDF85E009678B2 /* LaunchScreen.storyboard */; };
/* End PBXBuildFile section */

/* Begin PBXFileReference section */
		CA1C7F811CEDF85E009678B2 /* QRCodeReader.app */ = {isa = PBXFileReference; explicitFileType = wrapper.application; includeInIndex = 0; path = QRCodeReader.app; sourceTree = BUILT_PRODUCTS_DIR; };
		CA1C7F841CEDF85E009678B2 /* AppDelegate.swift */ = {isa = PBXFileReference; lastKnownFileType = sourcecode.swift; path = AppDelegate.swift; sourceTree = "<group>"; };
		CA1C7F861CEDF85E009678B2 /* ViewController.swift */ = {isa = PBXFileReference; lastKnownFileType = sourcecode.swift; path = ViewController.swift; sourceTree = "<group>"; };
		CA1C7F891CEDF85E009678B2 /* Base */ = {isa = PBXFileReference; lastKnownFileType = file.storyboard; name = Base; path = Base.lproj/Main.storyboard; sourceTree = "<group>"; };
		CA1C7F8B1CEDF85E009678B2 /* Assets.xcassets */ = {isa = PBXFileReference; lastKnownFileType = folder.assetcatalog; path = Assets.xcassets; sourceTree = "<group>"; };
		CA1C7F8E1CEDF85E009678B2 /* Base */ = {isa = PBXFileReference; lastKnownFileType = file.storyboard; name = Base; path = Base.lproj/LaunchScreen.storyboard; sourceTree = "<group>"; };
		CA1C7F901CEDF85E009678B2 /* Info.plist */ = {isa = PBXFileReference; lastKnownFileType = text.plist.xml; path = Info.plist; sourceTree = "<group>"; };
/* End PBXFileReference section */

/* Begin PBXFrameworksBuildPhase section */
		CA1C7F7E1CEDF85E009678B2 /* Frameworks */ = {
			isa = PBXFrameworksBuildPhase;
			buildActionMask = 2147483647;
			files = (
			);
			runOnlyForDeploymentPostprocessing = 0;
		};
/* End PBXFrameworksBuildPhase section */

/* Begin PBXGroup section */
		CA1C7F781CEDF85E009678B2 = {
			isa = PBXGroup;
			children = (
				CA1C7F831CEDF85E009678B2 /* QRCodeReader */,
				CA1C7F821CEDF85E009678B2 /* Products */,
			);
			sourceTree = "<group>";
		};
		CA1C7F821CEDF85E009678B2 /* Products */ = {
			isa = PBXGroup;
			children = (
				CA1C7F811CEDF85E009678B2 /* QRCodeReader.app */,
			);
			name = Products;
			sourceTree = "<group>";
		};
		CA1C7F831CEDF85E009678B2 /* QRCodeReader */ = {
			isa = PBXGroup;
			children = (
				CA1C7F841CEDF85E009678B2 /* AppDelegate.swift */,
				CA1C7F861CEDF85E009678B2 /* ViewController.swift */,
				CA1C7F881CEDF85E009678B2 /* Main.storyboard */,
				CA1C7F8B1CEDF85E009678B2 /* Assets.xcassets */,
				CA1C7F8D1CEDF85E009678B2 /* LaunchScreen.storyboard */,
				CA1C7F901CEDF85E009678B2 /* Info.plist */,
			);
			path = QRCodeReader;
			sourceTree = "<group>";
		};
/* End PBXGroup section */

/* Begin PBXNativeTarget section */
		CA1C7F801CEDF85E009678B2 /* QRCodeReader */ = {
			isa = PBXNativeTarget;
			buildConfigurationList = CA1C7F931CEDF85E009678B2 /* Build configuration list for PBXNativeTarget "QRCodeReader" */;
			buildPhases = (
				CA1C7F7D1CEDF85E009678B2 /* Sources */,
				CA1C7F7E1CEDF85E009678B2 /* Frameworks */,
				CA1C7F7F1CEDF85E009678B2 /* Resources */,
			);
			buildRules = (
			);
			dependencies = (
			);
			name = QRCodeReader;
			productName = QRCodeReader;
			productReference = CA1C7F811CEDF85E009678B2 /* QRCodeReader.app */;
			productType = "com.apple.product-type.application";
		};
/* End PBXNativeTarget section */

/* Begin PBXProject section */
		CA1C7F791CEDF85E009678B2 /* Project object */ = {
			isa = PBXProject;
			attributes = {
				LastSwiftUpdateCheck = 0730;
				LastUpgradeCheck = 0730;
				ORGANIZATIONNAME = TheiHartFirm;
				TargetAttributes = {
					CA1C7F801CEDF85E009678B2 = {
						CreatedOnToolsVersion = 7.3.1;
						DevelopmentTeam = 4A383YVHUX;
					};
				};
			};
			buildConfigurationList = CA1C7F7C1CEDF85E009678B2 /* Build configuration list for PBXProject "QRCodeReader" */;
			compatibilityVersion = "Xcode 3.2";
			developmentRegion = English;
			hasScannedForEncodings = 0;
			knownRegions = (
				en,
				Base,
			);
			mainGroup = CA1C7F781CEDF85E009678B2;
			productRefGroup = CA1C7F821CEDF85E009678B2 /* Products */;
			projectDirPath = "";
			projectRoot = "";
			targets = (
				CA1C7F801CEDF85E009678B2 /* QRCodeReader */,
			);
		};
/* End PBXProject section */

/* Begin PBXResourcesBuildPhase section */
		CA1C7F7F1CEDF85E009678B2 /* Resources */ = {
			isa = PBXResourcesBuildPhase;
			buildActionMask = 2147483647;
			files = (
				CA1C7F8F1CEDF85E009678B2 /* LaunchScreen.storyboard in Resources */,
				CA1C7F8C1CEDF85E009678B2 /* Assets.xcassets in Resources */,
				CA1C7F8A1CEDF85E009678B2 /* Main.storyboard in Resources */,
			);
			runOnlyForDeploymentPostprocessing = 0;
		};
/* End PBXResourcesBuildPhase section */

/* Begin PBXSourcesBuildPhase section */
		CA1C7F7D1CEDF85E009678B2 /* Sources */ = {
			isa = PBXSourcesBuildPhase;
			buildActionMask = 2147483647;
			files = (
				CA1C7F871CEDF85E009678B2 /* ViewController.swift in Sources */,
				CA1C7F851CEDF85E009678B2 /* AppDelegate.swift in Sources */,
			);
			runOnlyForDeploymentPostprocessing = 0;
		};
/* End PBXSourcesBuildPhase section */

/* Begin PBXVariantGroup section */
		CA1C7F881CEDF85E009678B2 /* Main.storyboard */ = {
			isa = PBXVariantGroup;
			children = (
				CA1C7F891CEDF85E009678B2 /* Base */,
			);
			name = Main.storyboard;
			sourceTree = "<group>";
		};
		CA1C7F8D1CEDF85E009678B2 /* LaunchScreen.storyboard */ = {
			isa = PBXVariantGroup;
			children = (
				CA1C7F8E1CEDF85E009678B2 /* Base */,
			);
			name = LaunchScreen.storyboard;
			sourceTree = "<group>";
		};
/* End PBXVariantGroup section */

/* Begin XCBuildConfiguration section */
		CA1C7F911CEDF85E009678B2 /* Debug */ = {
			isa = XCBuildConfiguration;
			buildSettings = {
				ALWAYS_SEARCH_USER_PATHS = NO;
				CLANG_ANALYZER_NONNULL = YES;
				CLANG_CXX_LANGUAGE_STANDARD = "gnu++0x";
				CLANG_CXX_LIBRARY = "libc++";
				CLANG_ENABLE_MODULES = YES;
				CLANG_ENABLE_OBJC_ARC = YES;
				CLANG_WARN_BOOL_CONVERSION = YES;
				CLANG_WARN_CONSTANT_CONVERSION = YES;
				CLANG_WARN_DIRECT_OBJC_ISA_USAGE = YES_ERROR;
				CLANG_WARN_EMPTY_BODY = YES;
				CLANG_WARN_ENUM_CONVERSION = YES;
				CLANG_WARN_INT_CONVERSION = YES;
				CLANG_WARN_OBJC_ROOT_CLASS = YES_ERROR;
				CLANG_WARN_UNREACHABLE_CODE = YES;
				CLANG_WARN__DUPLICATE_METHOD_MATCH = YES;
				"CODE_SIGN_IDENTITY[sdk=iphoneos*]" = "iPhone Developer";
				COPY_PHASE_STRIP = NO;
				DEBUG_INFORMATION_FORMAT = dwarf;
				ENABLE_STRICT_OBJC_MSGSEND = YES;
				ENABLE_TESTABILITY = YES;
				GCC_C_LANGUAGE_STANDARD = gnu99;
				GCC_DYNAMIC_NO_PIC = NO;
				GCC_NO_COMMON_BLOCKS = YES;
				GCC_OPTIMIZATION_LEVEL = 0;
				GCC_PREPROCESSOR_DEFINITIONS = (
					"DEBUG=1",
					"$(inherited)",
				);
				GCC_WARN_64_TO_32_BIT_CONVERSION = YES;
				GCC_WARN_ABOUT_RETURN_TYPE = YES_ERROR;
				GCC_WARN_UNDECLARED_SELECTOR = YES;
				GCC_WARN_UNINITIALIZED_AUTOS = YES_AGGRESSIVE;
				GCC_WARN_UNUSED_FUNCTION = YES;
				GCC_WARN_UNUSED_VARIABLE = YES;
				IPHONEOS_DEPLOYMENT_TARGET = 9.3;
				MTL_ENABLE_DEBUG_INFO = YES;
				ONLY_ACTIVE_ARCH = YES;
				SDKROOT = iphoneos;
				SWIFT_OPTIMIZATION_LEVEL = "-Onone";
				TARGETED_DEVICE_FAMILY = "1,2";
			};
			name = Debug;
		};
		CA1C7F921CEDF85E009678B2 /* Release */ = {
			isa = XCBuildConfiguration;
			buildSettings = {
				ALWAYS_SEARCH_USER_PATHS = NO;
				CLANG_ANALYZER_NONNULL = YES;
				CLANG_CXX_LANGUAGE_STANDARD = "gnu++0x";
				CLANG_CXX_LIBRARY = "libc++";
				CLANG_ENABLE_MODULES = YES;
				CLANG_ENABLE_OBJC_ARC = YES;
				CLANG_WARN_BOOL_CONVERSION = YES;
				CLANG_WARN_CONSTANT_CONVERSION = YES;
				CLANG_WARN_DIRECT_OBJC_ISA_USAGE = YES_ERROR;
				CLANG_WARN_EMPTY_BODY = YES;
				CLANG_WARN_ENUM_CONVERSION = YES;
				CLANG_WARN_INT_CONVERSION = YES;
				CLANG_WARN_OBJC_ROOT_CLASS = YES_ERROR;
				CLANG_WARN_UNREACHABLE_CODE = YES;
				CLANG_WARN__DUPLICATE_METHOD_MATCH = YES;
				"CODE_SIGN_IDENTITY[sdk=iphoneos*]" = "iPhone Developer";
				COPY_PHASE_STRIP = NO;
				DEBUG_INFORMATION_FORMAT = "dwarf-with-dsym";
				ENABLE_NS_ASSERTIONS = NO;
				ENABLE_STRICT_OBJC_MSGSEND = YES;
				GCC_C_LANGUAGE_STANDARD = gnu99;
				GCC_NO_COMMON_BLOCKS = YES;
				GCC_WARN_64_TO_32_BIT_CONVERSION = YES;
				GCC_WARN_ABOUT_RETURN_TYPE = YES_ERROR;
				GCC_WARN_UNDECLARED_SELECTOR = YES;
				GCC_WARN_UNINITIALIZED_AUTOS = YES_AGGRESSIVE;
				GCC_WARN_UNUSED_FUNCTION = YES;
				GCC_WARN_UNUSED_VARIABLE = YES;
				IPHONEOS_DEPLOYMENT_TARGET = 9.3;
				MTL_ENABLE_DEBUG_INFO = NO;
				SDKROOT = iphoneos;
				TARGETED_DEVICE_FAMILY = "1,2";
				VALIDATE_PRODUCT = YES;
			};
			name = Release;
		};
		CA1C7F941CEDF85E009678B2 /* Debug */ = {
			isa = XCBuildConfiguration;
			buildSettings = {
				ASSETCATALOG_COMPILER_APPICON_NAME = AppIcon;
				CODE_SIGN_IDENTITY = "iPhone Developer";
				INFOPLIST_FILE = QRCodeReader/Info.plist;
				LD_RUNPATH_SEARCH_PATHS = "$(inherited) @executable_path/Frameworks";
				PRODUCT_BUNDLE_IDENTIFIER = com.iHart.QRCodeReader;
				PRODUCT_NAME = "$(TARGET_NAME)";
				PROVISIONING_PROFILE = "3c9c5884-00c4-4053-b843-0e179fe4e083";
			};
			name = Debug;
		};
		CA1C7F951CEDF85E009678B2 /* Release */ = {
			isa = XCBuildConfiguration;
			buildSettings = {
				ASSETCATALOG_COMPILER_APPICON_NAME = AppIcon;
				CODE_SIGN_IDENTITY = "iPhone Developer";
				INFOPLIST_FILE = QRCodeReader/Info.plist;
				LD_RUNPATH_SEARCH_PATHS = "$(inherited) @executable_path/Frameworks";
				PRODUCT_BUNDLE_IDENTIFIER = com.iHart.QRCodeReader;
				PRODUCT_NAME = "$(TARGET_NAME)";
				PROVISIONING_PROFILE = "3c9c5884-00c4-4053-b843-0e179fe4e083";
			};
			name = Release;
		};
/* End XCBuildConfiguration section */

/* Begin XCConfigurationList section */
		CA1C7F7C1CEDF85E009678B2 /* Build configuration list for PBXProject "QRCodeReader" */ = {
			isa = XCConfigurationList;
			buildConfigurations = (
				CA1C7F911CEDF85E009678B2 /* Debug */,
				CA1C7F921CEDF85E009678B2 /* Release */,
			);
			defaultConfigurationIsVisible = 0;
			defaultConfigurationName = Release;
		};
		CA1C7F931CEDF85E009678B2 /* Build configuration list for PBXNativeTarget "QRCodeReader" */ = {
			isa = XCConfigurationList;
			buildConfigurations = (
				CA1C7F941CEDF85E009678B2 /* Debug */,
				CA1C7F951CEDF85E009678B2 /* Release */,
			);
			defaultConfigurationIsVisible = 0;
		};
/* End XCConfigurationList section */
	};
	rootObject = CA1C7F791CEDF85E009678B2 /* Project object */;
}
